
Microsoft Visual Studio Solution File, Format Version 12.00
# Visual Studio Version 17
VisualStudioVersion = 17.6.33801.468
MinimumVisualStudioVersion = 10.0.40219.1
Project("{FAE04EC0-301F-11D3-BF4B-00C04F79EFBC}") = "ikinci el esya al & sat", "ikinci el esya al & sat\ikinci el esya al & sat.csproj", "{210DCDB2-0425-4ED8-98D4-4574C9B0C532}"
EndProject
Global
	GlobalSection(SolutionConfigurationPlatforms) = preSolution
		Debug|Any CPU = Debug|Any CPU
		Release|Any CPU = Release|Any CPU
	EndGlobalSection
	GlobalSection(ProjectConfigurationPlatforms) = postSolution
		{210DCDB2-0425-4ED8-98D4-4574C9B0C532}.Debug|Any CPU.ActiveCfg = Debug|Any CPU
		{210DCDB2-0425-4ED8-98D4-4574C9B0C532}.Debug|Any CPU.Build.0 = Debug|Any CPU
		{210DCDB2-0425-4ED8-98D4-4574C9B0C532}.Release|Any CPU.ActiveCfg = Release|Any CPU
		{210DCDB2-0425-4ED8-98D4-4574C9B0C532}.Release|Any CPU.Build.0 = Release|Any CPU
	EndGlobalSection
	GlobalSection(SolutionProperties) = preSolution
		HideSolutionNode = FALSE
	EndGlobalSection
	GlobalSection(ExtensibilityGlobals) = postSolution
		SolutionGuid = {E53F8A9B-57C7-4C2C-A008-43D770809D79}
	EndGlobalSection
EndGlobal
